
Microsoft Visual Studio Solution File, Format Version 12.00
# Visual Studio Version 17
VisualStudioVersion = 17.4.33213.308
MinimumVisualStudioVersion = 10.0.40219.1
Project("{FAE04EC0-301F-11D3-BF4B-00C04F79EFBC}") = "SOLID_OPEN_CLOSED_PRINCIPLE", "SOLID_OPEN_CLOSED_PRINCIPLE\SOLID_OPEN_CLOSED_PRINCIPLE.csproj", "{1A4336EE-76B4-4C4F-AF6E-2629C162ED84}"
EndProject
Global
	GlobalSection(SolutionConfigurationPlatforms) = preSolution
		Debug|Any CPU = Debug|Any CPU
		Release|Any CPU = Release|Any CPU
	EndGlobalSection
	GlobalSection(ProjectConfigurationPlatforms) = postSolution
		{1A4336EE-76B4-4C4F-AF6E-2629C162ED84}.Debug|Any CPU.ActiveCfg = Debug|Any CPU
		{1A4336EE-76B4-4C4F-AF6E-2629C162ED84}.Debug|Any CPU.Build.0 = Debug|Any CPU
		{1A4336EE-76B4-4C4F-AF6E-2629C162ED84}.Release|Any CPU.ActiveCfg = Release|Any CPU
		{1A4336EE-76B4-4C4F-AF6E-2629C162ED84}.Release|Any CPU.Build.0 = Release|Any CPU
	EndGlobalSection
	GlobalSection(SolutionProperties) = preSolution
		HideSolutionNode = FALSE
	EndGlobalSection
	GlobalSection(ExtensibilityGlobals) = postSolution
		SolutionGuid = {EBCA74AE-0725-4478-AF6A-8755A17B8B14}
	EndGlobalSection
EndGlobal
